
Microsoft Visual Studio Solution File, Format Version 12.00
# Visual Studio 15
VisualStudioVersion = 15.0.28307.421
MinimumVisualStudioVersion = 10.0.40219.1
Project("{FAE04EC0-301F-11D3-BF4B-00C04F79EFBC}") = "APP_FUTBOL", "APP_FUTBOL\APP_FUTBOL.csproj", "{CA4CD3E0-64AA-4782-87F9-CB59B66FC26F}"
EndProject
Global
	GlobalSection(SolutionConfigurationPlatforms) = preSolution
		Debug|Any CPU = Debug|Any CPU
		Release|Any CPU = Release|Any CPU
	EndGlobalSection
	GlobalSection(ProjectConfigurationPlatforms) = postSolution
		{CA4CD3E0-64AA-4782-87F9-CB59B66FC26F}.Debug|Any CPU.ActiveCfg = Debug|Any CPU
		{CA4CD3E0-64AA-4782-87F9-CB59B66FC26F}.Debug|Any CPU.Build.0 = Debug|Any CPU
		{CA4CD3E0-64AA-4782-87F9-CB59B66FC26F}.Release|Any CPU.ActiveCfg = Release|Any CPU
		{CA4CD3E0-64AA-4782-87F9-CB59B66FC26F}.Release|Any CPU.Build.0 = Release|Any CPU
	EndGlobalSection
	GlobalSection(SolutionProperties) = preSolution
		HideSolutionNode = FALSE
	EndGlobalSection
	GlobalSection(ExtensibilityGlobals) = postSolution
		SolutionGuid = {376DF9F2-C960-4084-898A-C95617799856}
	EndGlobalSection
EndGlobal
